
Microsoft Visual Studio Solution File, Format Version 12.00
# Visual Studio 15
VisualStudioVersion = 15.0.28307.572
MinimumVisualStudioVersion = 10.0.40219.1
Project("{FAE04EC0-301F-11D3-BF4B-00C04F79EFBC}") = "Escola Cadastro", "Escola Cadastro\Escola Cadastro.csproj", "{FC1512E3-66BB-47CC-901E-CD37714A5226}"
EndProject
Global
	GlobalSection(SolutionConfigurationPlatforms) = preSolution
		Debug|Any CPU = Debug|Any CPU
		Release|Any CPU = Release|Any CPU
	EndGlobalSection
	GlobalSection(ProjectConfigurationPlatforms) = postSolution
		{FC1512E3-66BB-47CC-901E-CD37714A5226}.Debug|Any CPU.ActiveCfg = Debug|Any CPU
		{FC1512E3-66BB-47CC-901E-CD37714A5226}.Debug|Any CPU.Build.0 = Debug|Any CPU
		{FC1512E3-66BB-47CC-901E-CD37714A5226}.Release|Any CPU.ActiveCfg = Release|Any CPU
		{FC1512E3-66BB-47CC-901E-CD37714A5226}.Release|Any CPU.Build.0 = Release|Any CPU
	EndGlobalSection
	GlobalSection(SolutionProperties) = preSolution
		HideSolutionNode = FALSE
	EndGlobalSection
	GlobalSection(ExtensibilityGlobals) = postSolution
		SolutionGuid = {7EE4CE1D-15F7-4037-B1E9-F2F7BFB8D31D}
	EndGlobalSection
EndGlobal
