
Microsoft Visual Studio Solution File, Format Version 12.00
# Visual Studio Version 17
VisualStudioVersion = 17.2.32630.192
MinimumVisualStudioVersion = 10.0.40219.1
Project("{FAE04EC0-301F-11D3-BF4B-00C04F79EFBC}") = "ProjetoClinicaNoite2508", "ProjetoClinicaNoite2508\ProjetoClinicaNoite2508.csproj", "{B2CF805D-E74A-45FF-8D3F-E8C1FF350A9C}"
EndProject
Global
	GlobalSection(SolutionConfigurationPlatforms) = preSolution
		Debug|Any CPU = Debug|Any CPU
		Release|Any CPU = Release|Any CPU
	EndGlobalSection
	GlobalSection(ProjectConfigurationPlatforms) = postSolution
		{B2CF805D-E74A-45FF-8D3F-E8C1FF350A9C}.Debug|Any CPU.ActiveCfg = Debug|Any CPU
		{B2CF805D-E74A-45FF-8D3F-E8C1FF350A9C}.Debug|Any CPU.Build.0 = Debug|Any CPU
		{B2CF805D-E74A-45FF-8D3F-E8C1FF350A9C}.Release|Any CPU.ActiveCfg = Release|Any CPU
		{B2CF805D-E74A-45FF-8D3F-E8C1FF350A9C}.Release|Any CPU.Build.0 = Release|Any CPU
	EndGlobalSection
	GlobalSection(SolutionProperties) = preSolution
		HideSolutionNode = FALSE
	EndGlobalSection
	GlobalSection(ExtensibilityGlobals) = postSolution
		SolutionGuid = {2A125DC2-9A04-4403-8B20-919928369076}
	EndGlobalSection
EndGlobal
